
Microsoft Visual Studio Solution File, Format Version 12.00
# Visual Studio Version 17
VisualStudioVersion = 17.2.32616.157
MinimumVisualStudioVersion = 10.0.40219.1
Project("{FAE04EC0-301F-11D3-BF4B-00C04F79EFBC}") = "Conecta3", "Conecta3.csproj", "{679B33DA-74D9-4507-AA10-2F4CBE73FBDD}"
EndProject
Global
	GlobalSection(SolutionConfigurationPlatforms) = preSolution
		Debug|Any CPU = Debug|Any CPU
		Release|Any CPU = Release|Any CPU
	EndGlobalSection
	GlobalSection(ProjectConfigurationPlatforms) = postSolution
		{679B33DA-74D9-4507-AA10-2F4CBE73FBDD}.Debug|Any CPU.ActiveCfg = Debug|Any CPU
		{679B33DA-74D9-4507-AA10-2F4CBE73FBDD}.Debug|Any CPU.Build.0 = Debug|Any CPU
		{679B33DA-74D9-4507-AA10-2F4CBE73FBDD}.Release|Any CPU.ActiveCfg = Release|Any CPU
		{679B33DA-74D9-4507-AA10-2F4CBE73FBDD}.Release|Any CPU.Build.0 = Release|Any CPU
	EndGlobalSection
	GlobalSection(SolutionProperties) = preSolution
		HideSolutionNode = FALSE
	EndGlobalSection
	GlobalSection(ExtensibilityGlobals) = postSolution
		SolutionGuid = {8C5D01AF-7C97-4F79-82B5-D9B20FA1A76E}
	EndGlobalSection
EndGlobal
